
Microsoft Visual Studio Solution File, Format Version 12.00
# Visual Studio 15
VisualStudioVersion = 15.0.28010.2050
MinimumVisualStudioVersion = 10.0.40219.1
Project("{9A19103F-16F7-4668-BE54-9A1E7A4F7556}") = "Belial", "Belial\Belial.csproj", "{BB13C2B4-6A83-44DA-BA07-5C23059B917A}"
EndProject
Project("{9A19103F-16F7-4668-BE54-9A1E7A4F7556}") = "Belial.Tests", "Belial.Tests\Belial.Tests.csproj", "{2399211C-5D24-4EB8-B1F2-EA3D40D27B02}"
EndProject
Project("{2150E333-8FDC-42A3-9474-1A3956D46DE8}") = "Scripts", "Scripts", "{A0BD57D2-9155-43F1-8F7E-C545B751345E}"
	ProjectSection(SolutionItems) = preProject
		..\scripts\build.ps1 = ..\scripts\build.ps1
		..\scripts\test.ps1 = ..\scripts\test.ps1
		..\scripts\TestHttpFunctions.linq = ..\scripts\TestHttpFunctions.linq
	EndProjectSection
EndProject
Project("{2150E333-8FDC-42A3-9474-1A3956D46DE8}") = "Other", "Other", "{B43C25BC-788A-4AB6-949C-141C37CCE691}"
	ProjectSection(SolutionItems) = preProject
		..\.gitignore = ..\.gitignore
		..\azure-pipelines.yml = ..\azure-pipelines.yml
		..\LICENSE = ..\LICENSE
		..\README.md = ..\README.md
	EndProjectSection
EndProject
Global
	GlobalSection(SolutionConfigurationPlatforms) = preSolution
		Debug|Any CPU = Debug|Any CPU
		Release|Any CPU = Release|Any CPU
	EndGlobalSection
	GlobalSection(ProjectConfigurationPlatforms) = postSolution
		{BB13C2B4-6A83-44DA-BA07-5C23059B917A}.Debug|Any CPU.ActiveCfg = Debug|Any CPU
		{BB13C2B4-6A83-44DA-BA07-5C23059B917A}.Debug|Any CPU.Build.0 = Debug|Any CPU
		{BB13C2B4-6A83-44DA-BA07-5C23059B917A}.Release|Any CPU.ActiveCfg = Release|Any CPU
		{BB13C2B4-6A83-44DA-BA07-5C23059B917A}.Release|Any CPU.Build.0 = Release|Any CPU
		{2399211C-5D24-4EB8-B1F2-EA3D40D27B02}.Debug|Any CPU.ActiveCfg = Debug|Any CPU
		{2399211C-5D24-4EB8-B1F2-EA3D40D27B02}.Debug|Any CPU.Build.0 = Debug|Any CPU
		{2399211C-5D24-4EB8-B1F2-EA3D40D27B02}.Release|Any CPU.ActiveCfg = Release|Any CPU
		{2399211C-5D24-4EB8-B1F2-EA3D40D27B02}.Release|Any CPU.Build.0 = Release|Any CPU
	EndGlobalSection
	GlobalSection(SolutionProperties) = preSolution
		HideSolutionNode = FALSE
	EndGlobalSection
	GlobalSection(ExtensibilityGlobals) = postSolution
		SolutionGuid = {ED7F8827-98D2-4178-BA4D-9A346773E10A}
	EndGlobalSection
EndGlobal
